
Microsoft Visual Studio Solution File, Format Version 12.00
# Visual Studio 14
VisualStudioVersion = 14.0.25420.1
MinimumVisualStudioVersion = 10.0.40219.1
Project("{FAE04EC0-301F-11D3-BF4B-00C04F79EFBC}") = "XamarinFormsRestAPI", "XamarinFormsRestAPI\XamarinFormsRestAPI\XamarinFormsRestAPI.csproj", "{E834561C-3C74-4F26-99BF-399E79775057}"
EndProject
Project("{FAE04EC0-301F-11D3-BF4B-00C04F79EFBC}") = "XamarinFormsRestAPI.Droid", "XamarinFormsRestAPI\XamarinFormsRestAPI.Droid\XamarinFormsRestAPI.Droid.csproj", "{B8CA2808-0306-498B-A049-C382BB8E4699}"
EndProject
Project("{FAE04EC0-301F-11D3-BF4B-00C04F79EFBC}") = "XamarinFormsRestAPI.iOS", "XamarinFormsRestAPI\XamarinFormsRestAPI.iOS\XamarinFormsRestAPI.iOS.csproj", "{8121B818-5F6A-4812-85CD-34BF43062544}"
EndProject
Project("{FAE04EC0-301F-11D3-BF4B-00C04F79EFBC}") = "XamarinFormsRestAPI.WinPhone", "XamarinFormsRestAPI\XamarinFormsRestAPI.WinPhone\XamarinFormsRestAPI.WinPhone.csproj", "{A6401940-E890-4ECA-8C76-C2F660D9A8E2}"
EndProject
Project("{FAE04EC0-301F-11D3-BF4B-00C04F79EFBC}") = "XamarinFormsRestAPI.UWP", "XamarinFormsRestAPI\XamarinFormsRestAPI.UWP\XamarinFormsRestAPI.UWP.csproj", "{95E2EE99-6432-4E88-9D44-B71A6BABB987}"
EndProject
Project("{FAE04EC0-301F-11D3-BF4B-00C04F79EFBC}") = "XamarinFormsRestAPI.Windows", "XamarinFormsRestAPI\XamarinFormsRestAPI.Windows\XamarinFormsRestAPI.Windows.csproj", "{33EEA19E-8FCD-40F4-A369-46CDBF8BA5E0}"
EndProject
Global
	GlobalSection(SolutionConfigurationPlatforms) = preSolution
		Ad-Hoc|Any CPU = Ad-Hoc|Any CPU
		Ad-Hoc|ARM = Ad-Hoc|ARM
		Ad-Hoc|iPhone = Ad-Hoc|iPhone
		Ad-Hoc|iPhoneSimulator = Ad-Hoc|iPhoneSimulator
		Ad-Hoc|x64 = Ad-Hoc|x64
		Ad-Hoc|x86 = Ad-Hoc|x86
		AppStore|Any CPU = AppStore|Any CPU
		AppStore|ARM = AppStore|ARM
		AppStore|iPhone = AppStore|iPhone
		AppStore|iPhoneSimulator = AppStore|iPhoneSimulator
		AppStore|x64 = AppStore|x64
		AppStore|x86 = AppStore|x86
		Debug|Any CPU = Debug|Any CPU
		Debug|ARM = Debug|ARM
		Debug|iPhone = Debug|iPhone
		Debug|iPhoneSimulator = Debug|iPhoneSimulator
		Debug|x64 = Debug|x64
		Debug|x86 = Debug|x86
		Release|Any CPU = Release|Any CPU
		Release|ARM = Release|ARM
		Release|iPhone = Release|iPhone
		Release|iPhoneSimulator = Release|iPhoneSimulator
		Release|x64 = Release|x64
		Release|x86 = Release|x86
	EndGlobalSection
	GlobalSection(ProjectConfigurationPlatforms) = postSolution
		{E834561C-3C74-4F26-99BF-399E79775057}.Ad-Hoc|Any CPU.ActiveCfg = Release|Any CPU
		{E834561C-3C74-4F26-99BF-399E79775057}.Ad-Hoc|Any CPU.Build.0 = Release|Any CPU
		{E834561C-3C74-4F26-99BF-399E79775057}.Ad-Hoc|ARM.ActiveCfg = Release|Any CPU
		{E834561C-3C74-4F26-99BF-399E79775057}.Ad-Hoc|ARM.Build.0 = Release|Any CPU
		{E834561C-3C74-4F26-99BF-399E79775057}.Ad-Hoc|iPhone.ActiveCfg = Release|Any CPU
		{E834561C-3C74-4F26-99BF-399E79775057}.Ad-Hoc|iPhone.Build.0 = Release|Any CPU
		{E834561C-3C74-4F26-99BF-399E79775057}.Ad-Hoc|iPhoneSimulator.ActiveCfg = Release|Any CPU
		{E834561C-3C74-4F26-99BF-399E79775057}.Ad-Hoc|iPhoneSimulator.Build.0 = Release|Any CPU
		{E834561C-3C74-4F26-99BF-399E79775057}.Ad-Hoc|x64.ActiveCfg = Release|Any CPU
		{E834561C-3C74-4F26-99BF-399E79775057}.Ad-Hoc|x64.Build.0 = Release|Any CPU
		{E834561C-3C74-4F26-99BF-399E79775057}.Ad-Hoc|x86.ActiveCfg = Release|Any CPU
		{E834561C-3C74-4F26-99BF-399E79775057}.Ad-Hoc|x86.Build.0 = Release|Any CPU
		{E834561C-3C74-4F26-99BF-399E79775057}.AppStore|Any CPU.ActiveCfg = Release|Any CPU
		{E834561C-3C74-4F26-99BF-399E79775057}.AppStore|Any CPU.Build.0 = Release|Any CPU
		{E834561C-3C74-4F26-99BF-399E79775057}.AppStore|ARM.ActiveCfg = Release|Any CPU
		{E834561C-3C74-4F26-99BF-399E79775057}.AppStore|ARM.Build.0 = Release|Any CPU
		{E834561C-3C74-4F26-99BF-399E79775057}.AppStore|iPhone.ActiveCfg = Release|Any CPU
		{E834561C-3C74-4F26-99BF-399E79775057}.AppStore|iPhone.Build.0 = Release|Any CPU
		{E834561C-3C74-4F26-99BF-399E79775057}.AppStore|iPhoneSimulator.ActiveCfg = Release|Any CPU
		{E834561C-3C74-4F26-99BF-399E79775057}.AppStore|iPhoneSimulator.Build.0 = Release|Any CPU
		{E834561C-3C74-4F26-99BF-399E79775057}.AppStore|x64.ActiveCfg = Release|Any CPU
		{E834561C-3C74-4F26-99BF-399E79775057}.AppStore|x64.Build.0 = Release|Any CPU
		{E834561C-3C74-4F26-99BF-399E79775057}.AppStore|x86.ActiveCfg = Release|Any CPU
		{E834561C-3C74-4F26-99BF-399E79775057}.AppStore|x86.Build.0 = Release|Any CPU
		{E834561C-3C74-4F26-99BF-399E79775057}.Debug|Any CPU.ActiveCfg = Debug|Any CPU
		{E834561C-3C74-4F26-99BF-399E79775057}.Debug|Any CPU.Build.0 = Debug|Any CPU
		{E834561C-3C74-4F26-99BF-399E79775057}.Debug|ARM.ActiveCfg = Debug|Any CPU
		{E834561C-3C74-4F26-99BF-399E79775057}.Debug|ARM.Build.0 = Debug|Any CPU
		{E834561C-3C74-4F26-99BF-399E79775057}.Debug|iPhone.ActiveCfg = Debug|Any CPU
		{E834561C-3C74-4F26-99BF-399E79775057}.Debug|iPhone.Build.0 = Debug|Any CPU
		{E834561C-3C74-4F26-99BF-399E79775057}.Debug|iPhoneSimulator.ActiveCfg = Debug|Any CPU
		{E834561C-3C74-4F26-99BF-399E79775057}.Debug|iPhoneSimulator.Build.0 = Debug|Any CPU
		{E834561C-3C74-4F26-99BF-399E79775057}.Debug|x64.ActiveCfg = Debug|Any CPU
		{E834561C-3C74-4F26-99BF-399E79775057}.Debug|x64.Build.0 = Debug|Any CPU
		{E834561C-3C74-4F26-99BF-399E79775057}.Debug|x86.ActiveCfg = Debug|Any CPU
		{E834561C-3C74-4F26-99BF-399E79775057}.Debug|x86.Build.0 = Debug|Any CPU
		{E834561C-3C74-4F26-99BF-399E79775057}.Release|Any CPU.ActiveCfg = Release|Any CPU
		{E834561C-3C74-4F26-99BF-399E79775057}.Release|Any CPU.Build.0 = Release|Any CPU
		{E834561C-3C74-4F26-99BF-399E79775057}.Release|ARM.ActiveCfg = Release|Any CPU
		{E834561C-3C74-4F26-99BF-399E79775057}.Release|ARM.Build.0 = Release|Any CPU
		{E834561C-3C74-4F26-99BF-399E79775057}.Release|iPhone.ActiveCfg = Release|Any CPU
		{E834561C-3C74-4F26-99BF-399E79775057}.Release|iPhone.Build.0 = Release|Any CPU
		{E834561C-3C74-4F26-99BF-399E79775057}.Release|iPhoneSimulator.ActiveCfg = Release|Any CPU
		{E834561C-3C74-4F26-99BF-399E79775057}.Release|iPhoneSimulator.Build.0 = Release|Any CPU
		{E834561C-3C74-4F26-99BF-399E79775057}.Release|x64.ActiveCfg = Release|Any CPU
		{E834561C-3C74-4F26-99BF-399E79775057}.Release|x64.Build.0 = Release|Any CPU
		{E834561C-3C74-4F26-99BF-399E79775057}.Release|x86.ActiveCfg = Release|Any CPU
		{E834561C-3C74-4F26-99BF-399E79775057}.Release|x86.Build.0 = Release|Any CPU
		{B8CA2808-0306-498B-A049-C382BB8E4699}.Ad-Hoc|Any CPU.ActiveCfg = Release|Any CPU
		{B8CA2808-0306-498B-A049-C382BB8E4699}.Ad-Hoc|Any CPU.Build.0 = Release|Any CPU
		{B8CA2808-0306-498B-A049-C382BB8E4699}.Ad-Hoc|Any CPU.Deploy.0 = Release|Any CPU
		{B8CA2808-0306-498B-A049-C382BB8E4699}.Ad-Hoc|ARM.ActiveCfg = Release|Any CPU
		{B8CA2808-0306-498B-A049-C382BB8E4699}.Ad-Hoc|ARM.Build.0 = Release|Any CPU
		{B8CA2808-0306-498B-A049-C382BB8E4699}.Ad-Hoc|ARM.Deploy.0 = Release|Any CPU
		{B8CA2808-0306-498B-A049-C382BB8E4699}.Ad-Hoc|iPhone.ActiveCfg = Release|Any CPU
		{B8CA2808-0306-498B-A049-C382BB8E4699}.Ad-Hoc|iPhone.Build.0 = Release|Any CPU
		{B8CA2808-0306-498B-A049-C382BB8E4699}.Ad-Hoc|iPhone.Deploy.0 = Release|Any CPU
		{B8CA2808-0306-498B-A049-C382BB8E4699}.Ad-Hoc|iPhoneSimulator.ActiveCfg = Release|Any CPU
		{B8CA2808-0306-498B-A049-C382BB8E4699}.Ad-Hoc|iPhoneSimulator.Build.0 = Release|Any CPU
		{B8CA2808-0306-498B-A049-C382BB8E4699}.Ad-Hoc|iPhoneSimulator.Deploy.0 = Release|Any CPU
		{B8CA2808-0306-498B-A049-C382BB8E4699}.Ad-Hoc|x64.ActiveCfg = Release|Any CPU
		{B8CA2808-0306-498B-A049-C382BB8E4699}.Ad-Hoc|x64.Build.0 = Release|Any CPU
		{B8CA2808-0306-498B-A049-C382BB8E4699}.Ad-Hoc|x64.Deploy.0 = Release|Any CPU
		{B8CA2808-0306-498B-A049-C382BB8E4699}.Ad-Hoc|x86.ActiveCfg = Release|Any CPU
		{B8CA2808-0306-498B-A049-C382BB8E4699}.Ad-Hoc|x86.Build.0 = Release|Any CPU
		{B8CA2808-0306-498B-A049-C382BB8E4699}.Ad-Hoc|x86.Deploy.0 = Release|Any CPU
		{B8CA2808-0306-498B-A049-C382BB8E4699}.AppStore|Any CPU.ActiveCfg = Release|Any CPU
		{B8CA2808-0306-498B-A049-C382BB8E4699}.AppStore|Any CPU.Build.0 = Release|Any CPU
		{B8CA2808-0306-498B-A049-C382BB8E4699}.AppStore|Any CPU.Deploy.0 = Release|Any CPU
		{B8CA2808-0306-498B-A049-C382BB8E4699}.AppStore|ARM.ActiveCfg = Release|Any CPU
		{B8CA2808-0306-498B-A049-C382BB8E4699}.AppStore|ARM.Build.0 = Release|Any CPU
		{B8CA2808-0306-498B-A049-C382BB8E4699}.AppStore|ARM.Deploy.0 = Release|Any CPU
		{B8CA2808-0306-498B-A049-C382BB8E4699}.AppStore|iPhone.ActiveCfg = Release|Any CPU
		{B8CA2808-0306-498B-A049-C382BB8E4699}.AppStore|iPhone.Build.0 = Release|Any CPU
		{B8CA2808-0306-498B-A049-C382BB8E4699}.AppStore|iPhone.Deploy.0 = Release|Any CPU
		{B8CA2808-0306-498B-A049-C382BB8E4699}.AppStore|iPhoneSimulator.ActiveCfg = Release|Any CPU
		{B8CA2808-0306-498B-A049-C382BB8E4699}.AppStore|iPhoneSimulator.Build.0 = Release|Any CPU
		{B8CA2808-0306-498B-A049-C382BB8E4699}.AppStore|iPhoneSimulator.Deploy.0 = Release|Any CPU
		{B8CA2808-0306-498B-A049-C382BB8E4699}.AppStore|x64.ActiveCfg = Release|Any CPU
		{B8CA2808-0306-498B-A049-C382BB8E4699}.AppStore|x64.Build.0 = Release|Any CPU
		{B8CA2808-0306-498B-A049-C382BB8E4699}.AppStore|x64.Deploy.0 = Release|Any CPU
		{B8CA2808-0306-498B-A049-C382BB8E4699}.AppStore|x86.ActiveCfg = Release|Any CPU
		{B8CA2808-0306-498B-A049-C382BB8E4699}.AppStore|x86.Build.0 = Release|Any CPU
		{B8CA2808-0306-498B-A049-C382BB8E4699}.AppStore|x86.Deploy.0 = Release|Any CPU
		{B8CA2808-0306-498B-A049-C382BB8E4699}.Debug|Any CPU.ActiveCfg = Debug|Any CPU
		{B8CA2808-0306-498B-A049-C382BB8E4699}.Debug|Any CPU.Build.0 = Debug|Any CPU
		{B8CA2808-0306-498B-A049-C382BB8E4699}.Debug|Any CPU.Deploy.0 = Debug|Any CPU
		{B8CA2808-0306-498B-A049-C382BB8E4699}.Debug|ARM.ActiveCfg = Debug|Any CPU
		{B8CA2808-0306-498B-A049-C382BB8E4699}.Debug|ARM.Build.0 = Debug|Any CPU
		{B8CA2808-0306-498B-A049-C382BB8E4699}.Debug|ARM.Deploy.0 = Debug|Any CPU
		{B8CA2808-0306-498B-A049-C382BB8E4699}.Debug|iPhone.ActiveCfg = Debug|Any CPU
		{B8CA2808-0306-498B-A049-C382BB8E4699}.Debug|iPhone.Build.0 = Debug|Any CPU
		{B8CA2808-0306-498B-A049-C382BB8E4699}.Debug|iPhone.Deploy.0 = Debug|Any CPU
		{B8CA2808-0306-498B-A049-C382BB8E4699}.Debug|iPhoneSimulator.ActiveCfg = Debug|Any CPU
		{B8CA2808-0306-498B-A049-C382BB8E4699}.Debug|iPhoneSimulator.Build.0 = Debug|Any CPU
		{B8CA2808-0306-498B-A049-C382BB8E4699}.Debug|iPhoneSimulator.Deploy.0 = Debug|Any CPU
		{B8CA2808-0306-498B-A049-C382BB8E4699}.Debug|x64.ActiveCfg = Debug|Any CPU
		{B8CA2808-0306-498B-A049-C382BB8E4699}.Debug|x64.Build.0 = Debug|Any CPU
		{B8CA2808-0306-498B-A049-C382BB8E4699}.Debug|x64.Deploy.0 = Debug|Any CPU
		{B8CA2808-0306-498B-A049-C382BB8E4699}.Debug|x86.ActiveCfg = Debug|Any CPU
		{B8CA2808-0306-498B-A049-C382BB8E4699}.Debug|x86.Build.0 = Debug|Any CPU
		{B8CA2808-0306-498B-A049-C382BB8E4699}.Debug|x86.Deploy.0 = Debug|Any CPU
		{B8CA2808-0306-498B-A049-C382BB8E4699}.Release|Any CPU.ActiveCfg = Release|Any CPU
		{B8CA2808-0306-498B-A049-C382BB8E4699}.Release|Any CPU.Build.0 = Release|Any CPU
		{B8CA2808-0306-498B-A049-C382BB8E4699}.Release|Any CPU.Deploy.0 = Release|Any CPU
		{B8CA2808-0306-498B-A049-C382BB8E4699}.Release|ARM.ActiveCfg = Release|Any CPU
		{B8CA2808-0306-498B-A049-C382BB8E4699}.Release|ARM.Build.0 = Release|Any CPU
		{B8CA2808-0306-498B-A049-C382BB8E4699}.Release|ARM.Deploy.0 = Release|Any CPU
		{B8CA2808-0306-498B-A049-C382BB8E4699}.Release|iPhone.ActiveCfg = Release|Any CPU
		{B8CA2808-0306-498B-A049-C382BB8E4699}.Release|iPhone.Build.0 = Release|Any CPU
		{B8CA2808-0306-498B-A049-C382BB8E4699}.Release|iPhone.Deploy.0 = Release|Any CPU
		{B8CA2808-0306-498B-A049-C382BB8E4699}.Release|iPhoneSimulator.ActiveCfg = Release|Any CPU
		{B8CA2808-0306-498B-A049-C382BB8E4699}.Release|iPhoneSimulator.Build.0 = Release|Any CPU
		{B8CA2808-0306-498B-A049-C382BB8E4699}.Release|iPhoneSimulator.Deploy.0 = Release|Any CPU
		{B8CA2808-0306-498B-A049-C382BB8E4699}.Release|x64.ActiveCfg = Release|Any CPU
		{B8CA2808-0306-498B-A049-C382BB8E4699}.Release|x64.Build.0 = Release|Any CPU
		{B8CA2808-0306-498B-A049-C382BB8E4699}.Release|x64.Deploy.0 = Release|Any CPU
		{B8CA2808-0306-498B-A049-C382BB8E4699}.Release|x86.ActiveCfg = Release|Any CPU
		{B8CA2808-0306-498B-A049-C382BB8E4699}.Release|x86.Build.0 = Release|Any CPU
		{B8CA2808-0306-498B-A049-C382BB8E4699}.Release|x86.Deploy.0 = Release|Any CPU
		{8121B818-5F6A-4812-85CD-34BF43062544}.Ad-Hoc|Any CPU.ActiveCfg = Ad-Hoc|iPhone
		{8121B818-5F6A-4812-85CD-34BF43062544}.Ad-Hoc|ARM.ActiveCfg = Ad-Hoc|iPhone
		{8121B818-5F6A-4812-85CD-34BF43062544}.Ad-Hoc|iPhone.ActiveCfg = Ad-Hoc|iPhone
		{8121B818-5F6A-4812-85CD-34BF43062544}.Ad-Hoc|iPhone.Build.0 = Ad-Hoc|iPhone
		{8121B818-5F6A-4812-85CD-34BF43062544}.Ad-Hoc|iPhoneSimulator.ActiveCfg = Ad-Hoc|iPhoneSimulator
		{8121B818-5F6A-4812-85CD-34BF43062544}.Ad-Hoc|iPhoneSimulator.Build.0 = Ad-Hoc|iPhoneSimulator
		{8121B818-5F6A-4812-85CD-34BF43062544}.Ad-Hoc|x64.ActiveCfg = Ad-Hoc|iPhone
		{8121B818-5F6A-4812-85CD-34BF43062544}.Ad-Hoc|x86.ActiveCfg = Ad-Hoc|iPhone
		{8121B818-5F6A-4812-85CD-34BF43062544}.AppStore|Any CPU.ActiveCfg = AppStore|iPhone
		{8121B818-5F6A-4812-85CD-34BF43062544}.AppStore|ARM.ActiveCfg = AppStore|iPhone
		{8121B818-5F6A-4812-85CD-34BF43062544}.AppStore|iPhone.ActiveCfg = AppStore|iPhone
		{8121B818-5F6A-4812-85CD-34BF43062544}.AppStore|iPhone.Build.0 = AppStore|iPhone
		{8121B818-5F6A-4812-85CD-34BF43062544}.AppStore|iPhoneSimulator.ActiveCfg = AppStore|iPhoneSimulator
		{8121B818-5F6A-4812-85CD-34BF43062544}.AppStore|iPhoneSimulator.Build.0 = AppStore|iPhoneSimulator
		{8121B818-5F6A-4812-85CD-34BF43062544}.AppStore|x64.ActiveCfg = AppStore|iPhone
		{8121B818-5F6A-4812-85CD-34BF43062544}.AppStore|x86.ActiveCfg = AppStore|iPhone
		{8121B818-5F6A-4812-85CD-34BF43062544}.Debug|Any CPU.ActiveCfg = Debug|iPhone
		{8121B818-5F6A-4812-85CD-34BF43062544}.Debug|ARM.ActiveCfg = Debug|iPhone
		{8121B818-5F6A-4812-85CD-34BF43062544}.Debug|iPhone.ActiveCfg = Debug|iPhone
		{8121B818-5F6A-4812-85CD-34BF43062544}.Debug|iPhone.Build.0 = Debug|iPhone
		{8121B818-5F6A-4812-85CD-34BF43062544}.Debug|iPhoneSimulator.ActiveCfg = Debug|iPhoneSimulator
		{8121B818-5F6A-4812-85CD-34BF43062544}.Debug|iPhoneSimulator.Build.0 = Debug|iPhoneSimulator
		{8121B818-5F6A-4812-85CD-34BF43062544}.Debug|x64.ActiveCfg = Debug|iPhone
		{8121B818-5F6A-4812-85CD-34BF43062544}.Debug|x86.ActiveCfg = Debug|iPhone
		{8121B818-5F6A-4812-85CD-34BF43062544}.Release|Any CPU.ActiveCfg = Release|iPhone
		{8121B818-5F6A-4812-85CD-34BF43062544}.Release|ARM.ActiveCfg = Release|iPhone
		{8121B818-5F6A-4812-85CD-34BF43062544}.Release|iPhone.ActiveCfg = Release|iPhone
		{8121B818-5F6A-4812-85CD-34BF43062544}.Release|iPhone.Build.0 = Release|iPhone
		{8121B818-5F6A-4812-85CD-34BF43062544}.Release|iPhoneSimulator.ActiveCfg = Release|iPhoneSimulator
		{8121B818-5F6A-4812-85CD-34BF43062544}.Release|iPhoneSimulator.Build.0 = Release|iPhoneSimulator
		{8121B818-5F6A-4812-85CD-34BF43062544}.Release|x64.ActiveCfg = Release|iPhone
		{8121B818-5F6A-4812-85CD-34BF43062544}.Release|x86.ActiveCfg = Release|iPhone
		{A6401940-E890-4ECA-8C76-C2F660D9A8E2}.Ad-Hoc|Any CPU.ActiveCfg = Release|Any CPU
		{A6401940-E890-4ECA-8C76-C2F660D9A8E2}.Ad-Hoc|Any CPU.Build.0 = Release|Any CPU
		{A6401940-E890-4ECA-8C76-C2F660D9A8E2}.Ad-Hoc|Any CPU.Deploy.0 = Release|Any CPU
		{A6401940-E890-4ECA-8C76-C2F660D9A8E2}.Ad-Hoc|ARM.ActiveCfg = Release|ARM
		{A6401940-E890-4ECA-8C76-C2F660D9A8E2}.Ad-Hoc|ARM.Build.0 = Release|ARM
		{A6401940-E890-4ECA-8C76-C2F660D9A8E2}.Ad-Hoc|ARM.Deploy.0 = Release|ARM
		{A6401940-E890-4ECA-8C76-C2F660D9A8E2}.Ad-Hoc|iPhone.ActiveCfg = Release|Any CPU
		{A6401940-E890-4ECA-8C76-C2F660D9A8E2}.Ad-Hoc|iPhone.Build.0 = Release|Any CPU
		{A6401940-E890-4ECA-8C76-C2F660D9A8E2}.Ad-Hoc|iPhone.Deploy.0 = Release|Any CPU
		{A6401940-E890-4ECA-8C76-C2F660D9A8E2}.Ad-Hoc|iPhoneSimulator.ActiveCfg = Release|Any CPU
		{A6401940-E890-4ECA-8C76-C2F660D9A8E2}.Ad-Hoc|iPhoneSimulator.Build.0 = Release|Any CPU
		{A6401940-E890-4ECA-8C76-C2F660D9A8E2}.Ad-Hoc|iPhoneSimulator.Deploy.0 = Release|Any CPU
		{A6401940-E890-4ECA-8C76-C2F660D9A8E2}.Ad-Hoc|x64.ActiveCfg = Release|Any CPU
		{A6401940-E890-4ECA-8C76-C2F660D9A8E2}.Ad-Hoc|x64.Build.0 = Release|Any CPU
		{A6401940-E890-4ECA-8C76-C2F660D9A8E2}.Ad-Hoc|x64.Deploy.0 = Release|Any CPU
		{A6401940-E890-4ECA-8C76-C2F660D9A8E2}.Ad-Hoc|x86.ActiveCfg = Release|x86
		{A6401940-E890-4ECA-8C76-C2F660D9A8E2}.Ad-Hoc|x86.Build.0 = Release|x86
		{A6401940-E890-4ECA-8C76-C2F660D9A8E2}.Ad-Hoc|x86.Deploy.0 = Release|x86
		{A6401940-E890-4ECA-8C76-C2F660D9A8E2}.AppStore|Any CPU.ActiveCfg = Release|Any CPU
		{A6401940-E890-4ECA-8C76-C2F660D9A8E2}.AppStore|Any CPU.Build.0 = Release|Any CPU
		{A6401940-E890-4ECA-8C76-C2F660D9A8E2}.AppStore|Any CPU.Deploy.0 = Release|Any CPU
		{A6401940-E890-4ECA-8C76-C2F660D9A8E2}.AppStore|ARM.ActiveCfg = Release|ARM
		{A6401940-E890-4ECA-8C76-C2F660D9A8E2}.AppStore|ARM.Build.0 = Release|ARM
		{A6401940-E890-4ECA-8C76-C2F660D9A8E2}.AppStore|ARM.Deploy.0 = Release|ARM
		{A6401940-E890-4ECA-8C76-C2F660D9A8E2}.AppStore|iPhone.ActiveCfg = Release|Any CPU
		{A6401940-E890-4ECA-8C76-C2F660D9A8E2}.AppStore|iPhone.Build.0 = Release|Any CPU
		{A6401940-E890-4ECA-8C76-C2F660D9A8E2}.AppStore|iPhone.Deploy.0 = Release|Any CPU
		{A6401940-E890-4ECA-8C76-C2F660D9A8E2}.AppStore|iPhoneSimulator.ActiveCfg = Release|Any CPU
		{A6401940-E890-4ECA-8C76-C2F660D9A8E2}.AppStore|iPhoneSimulator.Build.0 = Release|Any CPU
		{A6401940-E890-4ECA-8C76-C2F660D9A8E2}.AppStore|iPhoneSimulator.Deploy.0 = Release|Any CPU
		{A6401940-E890-4ECA-8C76-C2F660D9A8E2}.AppStore|x64.ActiveCfg = Release|Any CPU
		{A6401940-E890-4ECA-8C76-C2F660D9A8E2}.AppStore|x64.Build.0 = Release|Any CPU
		{A6401940-E890-4ECA-8C76-C2F660D9A8E2}.AppStore|x64.Deploy.0 = Release|Any CPU
		{A6401940-E890-4ECA-8C76-C2F660D9A8E2}.AppStore|x86.ActiveCfg = Release|x86
		{A6401940-E890-4ECA-8C76-C2F660D9A8E2}.AppStore|x86.Build.0 = Release|x86
		{A6401940-E890-4ECA-8C76-C2F660D9A8E2}.AppStore|x86.Deploy.0 = Release|x86
		{A6401940-E890-4ECA-8C76-C2F660D9A8E2}.Debug|Any CPU.ActiveCfg = Debug|Any CPU
		{A6401940-E890-4ECA-8C76-C2F660D9A8E2}.Debug|Any CPU.Build.0 = Debug|Any CPU
		{A6401940-E890-4ECA-8C76-C2F660D9A8E2}.Debug|Any CPU.Deploy.0 = Debug|Any CPU
		{A6401940-E890-4ECA-8C76-C2F660D9A8E2}.Debug|ARM.ActiveCfg = Debug|ARM
		{A6401940-E890-4ECA-8C76-C2F660D9A8E2}.Debug|ARM.Build.0 = Debug|ARM
		{A6401940-E890-4ECA-8C76-C2F660D9A8E2}.Debug|ARM.Deploy.0 = Debug|ARM
		{A6401940-E890-4ECA-8C76-C2F660D9A8E2}.Debug|iPhone.ActiveCfg = Debug|Any CPU
		{A6401940-E890-4ECA-8C76-C2F660D9A8E2}.Debug|iPhone.Build.0 = Debug|Any CPU
		{A6401940-E890-4ECA-8C76-C2F660D9A8E2}.Debug|iPhone.Deploy.0 = Debug|Any CPU
		{A6401940-E890-4ECA-8C76-C2F660D9A8E2}.Debug|iPhoneSimulator.ActiveCfg = Debug|Any CPU
		{A6401940-E890-4ECA-8C76-C2F660D9A8E2}.Debug|iPhoneSimulator.Build.0 = Debug|Any CPU
		{A6401940-E890-4ECA-8C76-C2F660D9A8E2}.Debug|iPhoneSimulator.Deploy.0 = Debug|Any CPU
		{A6401940-E890-4ECA-8C76-C2F660D9A8E2}.Debug|x64.ActiveCfg = Debug|Any CPU
		{A6401940-E890-4ECA-8C76-C2F660D9A8E2}.Debug|x64.Build.0 = Debug|Any CPU
		{A6401940-E890-4ECA-8C76-C2F660D9A8E2}.Debug|x64.Deploy.0 = Debug|Any CPU
		{A6401940-E890-4ECA-8C76-C2F660D9A8E2}.Debug|x86.ActiveCfg = Debug|x86
		{A6401940-E890-4ECA-8C76-C2F660D9A8E2}.Debug|x86.Build.0 = Debug|x86
		{A6401940-E890-4ECA-8C76-C2F660D9A8E2}.Debug|x86.Deploy.0 = Debug|x86
		{A6401940-E890-4ECA-8C76-C2F660D9A8E2}.Release|Any CPU.ActiveCfg = Release|Any CPU
		{A6401940-E890-4ECA-8C76-C2F660D9A8E2}.Release|Any CPU.Build.0 = Release|Any CPU
		{A6401940-E890-4ECA-8C76-C2F660D9A8E2}.Release|Any CPU.Deploy.0 = Release|Any CPU
		{A6401940-E890-4ECA-8C76-C2F660D9A8E2}.Release|ARM.ActiveCfg = Release|ARM
		{A6401940-E890-4ECA-8C76-C2F660D9A8E2}.Release|ARM.Build.0 = Release|ARM
		{A6401940-E890-4ECA-8C76-C2F660D9A8E2}.Release|ARM.Deploy.0 = Release|ARM
		{A6401940-E890-4ECA-8C76-C2F660D9A8E2}.Release|iPhone.ActiveCfg = Release|Any CPU
		{A6401940-E890-4ECA-8C76-C2F660D9A8E2}.Release|iPhone.Build.0 = Release|Any CPU
		{A6401940-E890-4ECA-8C76-C2F660D9A8E2}.Release|iPhone.Deploy.0 = Release|Any CPU
		{A6401940-E890-4ECA-8C76-C2F660D9A8E2}.Release|iPhoneSimulator.ActiveCfg = Release|Any CPU
		{A6401940-E890-4ECA-8C76-C2F660D9A8E2}.Release|iPhoneSimulator.Build.0 = Release|Any CPU
		{A6401940-E890-4ECA-8C76-C2F660D9A8E2}.Release|iPhoneSimulator.Deploy.0 = Release|Any CPU
		{A6401940-E890-4ECA-8C76-C2F660D9A8E2}.Release|x64.ActiveCfg = Release|Any CPU
		{A6401940-E890-4ECA-8C76-C2F660D9A8E2}.Release|x64.Build.0 = Release|Any CPU
		{A6401940-E890-4ECA-8C76-C2F660D9A8E2}.Release|x64.Deploy.0 = Release|Any CPU
		{A6401940-E890-4ECA-8C76-C2F660D9A8E2}.Release|x86.ActiveCfg = Release|x86
		{A6401940-E890-4ECA-8C76-C2F660D9A8E2}.Release|x86.Build.0 = Release|x86
		{A6401940-E890-4ECA-8C76-C2F660D9A8E2}.Release|x86.Deploy.0 = Release|x86
		{95E2EE99-6432-4E88-9D44-B71A6BABB987}.Ad-Hoc|Any CPU.ActiveCfg = Release|x86
		{95E2EE99-6432-4E88-9D44-B71A6BABB987}.Ad-Hoc|Any CPU.Build.0 = Release|x86
		{95E2EE99-6432-4E88-9D44-B71A6BABB987}.Ad-Hoc|Any CPU.Deploy.0 = Release|x86
		{95E2EE99-6432-4E88-9D44-B71A6BABB987}.Ad-Hoc|ARM.ActiveCfg = Release|ARM
		{95E2EE99-6432-4E88-9D44-B71A6BABB987}.Ad-Hoc|ARM.Build.0 = Release|ARM
		{95E2EE99-6432-4E88-9D44-B71A6BABB987}.Ad-Hoc|ARM.Deploy.0 = Release|ARM
		{95E2EE99-6432-4E88-9D44-B71A6BABB987}.Ad-Hoc|iPhone.ActiveCfg = Release|x86
		{95E2EE99-6432-4E88-9D44-B71A6BABB987}.Ad-Hoc|iPhone.Build.0 = Release|x86
		{95E2EE99-6432-4E88-9D44-B71A6BABB987}.Ad-Hoc|iPhone.Deploy.0 = Release|x86
		{95E2EE99-6432-4E88-9D44-B71A6BABB987}.Ad-Hoc|iPhoneSimulator.ActiveCfg = Release|x86
		{95E2EE99-6432-4E88-9D44-B71A6BABB987}.Ad-Hoc|iPhoneSimulator.Build.0 = Release|x86
		{95E2EE99-6432-4E88-9D44-B71A6BABB987}.Ad-Hoc|iPhoneSimulator.Deploy.0 = Release|x86
		{95E2EE99-6432-4E88-9D44-B71A6BABB987}.Ad-Hoc|x64.ActiveCfg = Release|x64
		{95E2EE99-6432-4E88-9D44-B71A6BABB987}.Ad-Hoc|x64.Build.0 = Release|x64
		{95E2EE99-6432-4E88-9D44-B71A6BABB987}.Ad-Hoc|x64.Deploy.0 = Release|x64
		{95E2EE99-6432-4E88-9D44-B71A6BABB987}.Ad-Hoc|x86.ActiveCfg = Release|x86
		{95E2EE99-6432-4E88-9D44-B71A6BABB987}.Ad-Hoc|x86.Build.0 = Release|x86
		{95E2EE99-6432-4E88-9D44-B71A6BABB987}.Ad-Hoc|x86.Deploy.0 = Release|x86
		{95E2EE99-6432-4E88-9D44-B71A6BABB987}.AppStore|Any CPU.ActiveCfg = Release|x86
		{95E2EE99-6432-4E88-9D44-B71A6BABB987}.AppStore|Any CPU.Build.0 = Release|x86
		{95E2EE99-6432-4E88-9D44-B71A6BABB987}.AppStore|Any CPU.Deploy.0 = Release|x86
		{95E2EE99-6432-4E88-9D44-B71A6BABB987}.AppStore|ARM.ActiveCfg = Release|ARM
		{95E2EE99-6432-4E88-9D44-B71A6BABB987}.AppStore|ARM.Build.0 = Release|ARM
		{95E2EE99-6432-4E88-9D44-B71A6BABB987}.AppStore|ARM.Deploy.0 = Release|ARM
		{95E2EE99-6432-4E88-9D44-B71A6BABB987}.AppStore|iPhone.ActiveCfg = Release|x86
		{95E2EE99-6432-4E88-9D44-B71A6BABB987}.AppStore|iPhone.Build.0 = Release|x86
		{95E2EE99-6432-4E88-9D44-B71A6BABB987}.AppStore|iPhone.Deploy.0 = Release|x86
		{95E2EE99-6432-4E88-9D44-B71A6BABB987}.AppStore|iPhoneSimulator.ActiveCfg = Release|x86
		{95E2EE99-6432-4E88-9D44-B71A6BABB987}.AppStore|iPhoneSimulator.Build.0 = Release|x86
		{95E2EE99-6432-4E88-9D44-B71A6BABB987}.AppStore|iPhoneSimulator.Deploy.0 = Release|x86
		{95E2EE99-6432-4E88-9D44-B71A6BABB987}.AppStore|x64.ActiveCfg = Release|x64
		{95E2EE99-6432-4E88-9D44-B71A6BABB987}.AppStore|x64.Build.0 = Release|x64
		{95E2EE99-6432-4E88-9D44-B71A6BABB987}.AppStore|x64.Deploy.0 = Release|x64
		{95E2EE99-6432-4E88-9D44-B71A6BABB987}.AppStore|x86.ActiveCfg = Release|x86
		{95E2EE99-6432-4E88-9D44-B71A6BABB987}.AppStore|x86.Build.0 = Release|x86
		{95E2EE99-6432-4E88-9D44-B71A6BABB987}.AppStore|x86.Deploy.0 = Release|x86
		{95E2EE99-6432-4E88-9D44-B71A6BABB987}.Debug|Any CPU.ActiveCfg = Debug|x86
		{95E2EE99-6432-4E88-9D44-B71A6BABB987}.Debug|ARM.ActiveCfg = Debug|ARM
		{95E2EE99-6432-4E88-9D44-B71A6BABB987}.Debug|ARM.Build.0 = Debug|ARM
		{95E2EE99-6432-4E88-9D44-B71A6BABB987}.Debug|ARM.Deploy.0 = Debug|ARM
		{95E2EE99-6432-4E88-9D44-B71A6BABB987}.Debug|iPhone.ActiveCfg = Debug|x86
		{95E2EE99-6432-4E88-9D44-B71A6BABB987}.Debug|iPhoneSimulator.ActiveCfg = Debug|x86
		{95E2EE99-6432-4E88-9D44-B71A6BABB987}.Debug|x64.ActiveCfg = Debug|x64
		{95E2EE99-6432-4E88-9D44-B71A6BABB987}.Debug|x64.Build.0 = Debug|x64
		{95E2EE99-6432-4E88-9D44-B71A6BABB987}.Debug|x64.Deploy.0 = Debug|x64
		{95E2EE99-6432-4E88-9D44-B71A6BABB987}.Debug|x86.ActiveCfg = Debug|x86
		{95E2EE99-6432-4E88-9D44-B71A6BABB987}.Debug|x86.Build.0 = Debug|x86
		{95E2EE99-6432-4E88-9D44-B71A6BABB987}.Debug|x86.Deploy.0 = Debug|x86
		{95E2EE99-6432-4E88-9D44-B71A6BABB987}.Release|Any CPU.ActiveCfg = Release|x86
		{95E2EE99-6432-4E88-9D44-B71A6BABB987}.Release|ARM.ActiveCfg = Release|ARM
		{95E2EE99-6432-4E88-9D44-B71A6BABB987}.Release|ARM.Build.0 = Release|ARM
		{95E2EE99-6432-4E88-9D44-B71A6BABB987}.Release|ARM.Deploy.0 = Release|ARM
		{95E2EE99-6432-4E88-9D44-B71A6BABB987}.Release|iPhone.ActiveCfg = Release|x86
		{95E2EE99-6432-4E88-9D44-B71A6BABB987}.Release|iPhoneSimulator.ActiveCfg = Release|x86
		{95E2EE99-6432-4E88-9D44-B71A6BABB987}.Release|x64.ActiveCfg = Release|x64
		{95E2EE99-6432-4E88-9D44-B71A6BABB987}.Release|x64.Build.0 = Release|x64
		{95E2EE99-6432-4E88-9D44-B71A6BABB987}.Release|x64.Deploy.0 = Release|x64
		{95E2EE99-6432-4E88-9D44-B71A6BABB987}.Release|x86.ActiveCfg = Release|x86
		{95E2EE99-6432-4E88-9D44-B71A6BABB987}.Release|x86.Build.0 = Release|x86
		{95E2EE99-6432-4E88-9D44-B71A6BABB987}.Release|x86.Deploy.0 = Release|x86
		{33EEA19E-8FCD-40F4-A369-46CDBF8BA5E0}.Ad-Hoc|Any CPU.ActiveCfg = Release|Any CPU
		{33EEA19E-8FCD-40F4-A369-46CDBF8BA5E0}.Ad-Hoc|Any CPU.Build.0 = Release|Any CPU
		{33EEA19E-8FCD-40F4-A369-46CDBF8BA5E0}.Ad-Hoc|Any CPU.Deploy.0 = Release|Any CPU
		{33EEA19E-8FCD-40F4-A369-46CDBF8BA5E0}.Ad-Hoc|ARM.ActiveCfg = Release|ARM
		{33EEA19E-8FCD-40F4-A369-46CDBF8BA5E0}.Ad-Hoc|ARM.Build.0 = Release|ARM
		{33EEA19E-8FCD-40F4-A369-46CDBF8BA5E0}.Ad-Hoc|ARM.Deploy.0 = Release|ARM
		{33EEA19E-8FCD-40F4-A369-46CDBF8BA5E0}.Ad-Hoc|iPhone.ActiveCfg = Release|Any CPU
		{33EEA19E-8FCD-40F4-A369-46CDBF8BA5E0}.Ad-Hoc|iPhone.Build.0 = Release|Any CPU
		{33EEA19E-8FCD-40F4-A369-46CDBF8BA5E0}.Ad-Hoc|iPhone.Deploy.0 = Release|Any CPU
		{33EEA19E-8FCD-40F4-A369-46CDBF8BA5E0}.Ad-Hoc|iPhoneSimulator.ActiveCfg = Release|Any CPU
		{33EEA19E-8FCD-40F4-A369-46CDBF8BA5E0}.Ad-Hoc|iPhoneSimulator.Build.0 = Release|Any CPU
		{33EEA19E-8FCD-40F4-A369-46CDBF8BA5E0}.Ad-Hoc|iPhoneSimulator.Deploy.0 = Release|Any CPU
		{33EEA19E-8FCD-40F4-A369-46CDBF8BA5E0}.Ad-Hoc|x64.ActiveCfg = Release|x64
		{33EEA19E-8FCD-40F4-A369-46CDBF8BA5E0}.Ad-Hoc|x64.Build.0 = Release|x64
		{33EEA19E-8FCD-40F4-A369-46CDBF8BA5E0}.Ad-Hoc|x64.Deploy.0 = Release|x64
		{33EEA19E-8FCD-40F4-A369-46CDBF8BA5E0}.Ad-Hoc|x86.ActiveCfg = Release|x86
		{33EEA19E-8FCD-40F4-A369-46CDBF8BA5E0}.Ad-Hoc|x86.Build.0 = Release|x86
		{33EEA19E-8FCD-40F4-A369-46CDBF8BA5E0}.Ad-Hoc|x86.Deploy.0 = Release|x86
		{33EEA19E-8FCD-40F4-A369-46CDBF8BA5E0}.AppStore|Any CPU.ActiveCfg = Release|Any CPU
		{33EEA19E-8FCD-40F4-A369-46CDBF8BA5E0}.AppStore|Any CPU.Build.0 = Release|Any CPU
		{33EEA19E-8FCD-40F4-A369-46CDBF8BA5E0}.AppStore|Any CPU.Deploy.0 = Release|Any CPU
		{33EEA19E-8FCD-40F4-A369-46CDBF8BA5E0}.AppStore|ARM.ActiveCfg = Release|ARM
		{33EEA19E-8FCD-40F4-A369-46CDBF8BA5E0}.AppStore|ARM.Build.0 = Release|ARM
		{33EEA19E-8FCD-40F4-A369-46CDBF8BA5E0}.AppStore|ARM.Deploy.0 = Release|ARM
		{33EEA19E-8FCD-40F4-A369-46CDBF8BA5E0}.AppStore|iPhone.ActiveCfg = Release|Any CPU
		{33EEA19E-8FCD-40F4-A369-46CDBF8BA5E0}.AppStore|iPhone.Build.0 = Release|Any CPU
		{33EEA19E-8FCD-40F4-A369-46CDBF8BA5E0}.AppStore|iPhone.Deploy.0 = Release|Any CPU
		{33EEA19E-8FCD-40F4-A369-46CDBF8BA5E0}.AppStore|iPhoneSimulator.ActiveCfg = Release|Any CPU
		{33EEA19E-8FCD-40F4-A369-46CDBF8BA5E0}.AppStore|iPhoneSimulator.Build.0 = Release|Any CPU
		{33EEA19E-8FCD-40F4-A369-46CDBF8BA5E0}.AppStore|iPhoneSimulator.Deploy.0 = Release|Any CPU
		{33EEA19E-8FCD-40F4-A369-46CDBF8BA5E0}.AppStore|x64.ActiveCfg = Release|x64
		{33EEA19E-8FCD-40F4-A369-46CDBF8BA5E0}.AppStore|x64.Build.0 = Release|x64
		{33EEA19E-8FCD-40F4-A369-46CDBF8BA5E0}.AppStore|x64.Deploy.0 = Release|x64
		{33EEA19E-8FCD-40F4-A369-46CDBF8BA5E0}.AppStore|x86.ActiveCfg = Release|x86
		{33EEA19E-8FCD-40F4-A369-46CDBF8BA5E0}.AppStore|x86.Build.0 = Release|x86
		{33EEA19E-8FCD-40F4-A369-46CDBF8BA5E0}.AppStore|x86.Deploy.0 = Release|x86
		{33EEA19E-8FCD-40F4-A369-46CDBF8BA5E0}.Debug|Any CPU.ActiveCfg = Debug|Any CPU
		{33EEA19E-8FCD-40F4-A369-46CDBF8BA5E0}.Debug|Any CPU.Build.0 = Debug|Any CPU
		{33EEA19E-8FCD-40F4-A369-46CDBF8BA5E0}.Debug|Any CPU.Deploy.0 = Debug|Any CPU
		{33EEA19E-8FCD-40F4-A369-46CDBF8BA5E0}.Debug|ARM.ActiveCfg = Debug|ARM
		{33EEA19E-8FCD-40F4-A369-46CDBF8BA5E0}.Debug|ARM.Build.0 = Debug|ARM
		{33EEA19E-8FCD-40F4-A369-46CDBF8BA5E0}.Debug|ARM.Deploy.0 = Debug|ARM
		{33EEA19E-8FCD-40F4-A369-46CDBF8BA5E0}.Debug|iPhone.ActiveCfg = Debug|Any CPU
		{33EEA19E-8FCD-40F4-A369-46CDBF8BA5E0}.Debug|iPhone.Build.0 = Debug|Any CPU
		{33EEA19E-8FCD-40F4-A369-46CDBF8BA5E0}.Debug|iPhone.Deploy.0 = Debug|Any CPU
		{33EEA19E-8FCD-40F4-A369-46CDBF8BA5E0}.Debug|iPhoneSimulator.ActiveCfg = Debug|Any CPU
		{33EEA19E-8FCD-40F4-A369-46CDBF8BA5E0}.Debug|iPhoneSimulator.Build.0 = Debug|Any CPU
		{33EEA19E-8FCD-40F4-A369-46CDBF8BA5E0}.Debug|iPhoneSimulator.Deploy.0 = Debug|Any CPU
		{33EEA19E-8FCD-40F4-A369-46CDBF8BA5E0}.Debug|x64.ActiveCfg = Debug|x64
		{33EEA19E-8FCD-40F4-A369-46CDBF8BA5E0}.Debug|x64.Build.0 = Debug|x64
		{33EEA19E-8FCD-40F4-A369-46CDBF8BA5E0}.Debug|x64.Deploy.0 = Debug|x64
		{33EEA19E-8FCD-40F4-A369-46CDBF8BA5E0}.Debug|x86.ActiveCfg = Debug|x86
		{33EEA19E-8FCD-40F4-A369-46CDBF8BA5E0}.Debug|x86.Build.0 = Debug|x86
		{33EEA19E-8FCD-40F4-A369-46CDBF8BA5E0}.Debug|x86.Deploy.0 = Debug|x86
		{33EEA19E-8FCD-40F4-A369-46CDBF8BA5E0}.Release|Any CPU.ActiveCfg = Release|Any CPU
		{33EEA19E-8FCD-40F4-A369-46CDBF8BA5E0}.Release|Any CPU.Build.0 = Release|Any CPU
		{33EEA19E-8FCD-40F4-A369-46CDBF8BA5E0}.Release|Any CPU.Deploy.0 = Release|Any CPU
		{33EEA19E-8FCD-40F4-A369-46CDBF8BA5E0}.Release|ARM.ActiveCfg = Release|ARM
		{33EEA19E-8FCD-40F4-A369-46CDBF8BA5E0}.Release|ARM.Build.0 = Release|ARM
		{33EEA19E-8FCD-40F4-A369-46CDBF8BA5E0}.Release|ARM.Deploy.0 = Release|ARM
		{33EEA19E-8FCD-40F4-A369-46CDBF8BA5E0}.Release|iPhone.ActiveCfg = Release|Any CPU
		{33EEA19E-8FCD-40F4-A369-46CDBF8BA5E0}.Release|iPhone.Build.0 = Release|Any CPU
		{33EEA19E-8FCD-40F4-A369-46CDBF8BA5E0}.Release|iPhone.Deploy.0 = Release|Any CPU
		{33EEA19E-8FCD-40F4-A369-46CDBF8BA5E0}.Release|iPhoneSimulator.ActiveCfg = Release|Any CPU
		{33EEA19E-8FCD-40F4-A369-46CDBF8BA5E0}.Release|iPhoneSimulator.Build.0 = Release|Any CPU
		{33EEA19E-8FCD-40F4-A369-46CDBF8BA5E0}.Release|iPhoneSimulator.Deploy.0 = Release|Any CPU
		{33EEA19E-8FCD-40F4-A369-46CDBF8BA5E0}.Release|x64.ActiveCfg = Release|x64
		{33EEA19E-8FCD-40F4-A369-46CDBF8BA5E0}.Release|x64.Build.0 = Release|x64
		{33EEA19E-8FCD-40F4-A369-46CDBF8BA5E0}.Release|x64.Deploy.0 = Release|x64
		{33EEA19E-8FCD-40F4-A369-46CDBF8BA5E0}.Release|x86.ActiveCfg = Release|x86
		{33EEA19E-8FCD-40F4-A369-46CDBF8BA5E0}.Release|x86.Build.0 = Release|x86
		{33EEA19E-8FCD-40F4-A369-46CDBF8BA5E0}.Release|x86.Deploy.0 = Release|x86
	EndGlobalSection
	GlobalSection(SolutionProperties) = preSolution
		HideSolutionNode = FALSE
	EndGlobalSection
EndGlobal
